
Microsoft Visual Studio Solution File, Format Version 12.00
# Visual Studio 15
Project("{FAE04EC0-301F-11D3-BF4B-00C04F79EFBC}") = "Team9_FinalProject", "Team9_FinalProject\Team9_FinalProject.csproj", "{C91EDCB8-ABCC-4434-B9A5-4D9D6EDBDE8D}"
EndProject
Global
	GlobalSection(SolutionConfigurationPlatforms) = preSolution
		Debug|Any CPU = Debug|Any CPU
		Release|Any CPU = Release|Any CPU
	EndGlobalSection
	GlobalSection(ProjectConfigurationPlatforms) = postSolution
		{C91EDCB8-ABCC-4434-B9A5-4D9D6EDBDE8D}.Debug|Any CPU.ActiveCfg = Debug|Any CPU
		{C91EDCB8-ABCC-4434-B9A5-4D9D6EDBDE8D}.Debug|Any CPU.Build.0 = Debug|Any CPU
		{C91EDCB8-ABCC-4434-B9A5-4D9D6EDBDE8D}.Release|Any CPU.ActiveCfg = Release|Any CPU
		{C91EDCB8-ABCC-4434-B9A5-4D9D6EDBDE8D}.Release|Any CPU.Build.0 = Release|Any CPU
	EndGlobalSection
EndGlobal
